
Microsoft Visual Studio Solution File, Format Version 12.00
# Visual Studio Version 16
VisualStudioVersion = 16.0.29519.181
MinimumVisualStudioVersion = 10.0.40219.1
Project("{FAE04EC0-301F-11D3-BF4B-00C04F79EFBC}") = "DncConfigurationsAndOptions", "DncConfigurationsAndOptions\DncConfigurationsAndOptions.csproj", "{DDA17785-BEF4-4EE1-8217-656D452D7FB8}"
EndProject
Global
	GlobalSection(SolutionConfigurationPlatforms) = preSolution
		Debug|Any CPU = Debug|Any CPU
		Release|Any CPU = Release|Any CPU
	EndGlobalSection
	GlobalSection(ProjectConfigurationPlatforms) = postSolution
		{DDA17785-BEF4-4EE1-8217-656D452D7FB8}.Debug|Any CPU.ActiveCfg = Debug|Any CPU
		{DDA17785-BEF4-4EE1-8217-656D452D7FB8}.Debug|Any CPU.Build.0 = Debug|Any CPU
		{DDA17785-BEF4-4EE1-8217-656D452D7FB8}.Release|Any CPU.ActiveCfg = Release|Any CPU
		{DDA17785-BEF4-4EE1-8217-656D452D7FB8}.Release|Any CPU.Build.0 = Release|Any CPU
	EndGlobalSection
	GlobalSection(SolutionProperties) = preSolution
		HideSolutionNode = FALSE
	EndGlobalSection
	GlobalSection(ExtensibilityGlobals) = postSolution
		SolutionGuid = {6AE0142D-C778-4AE3-8027-1E5E41FDFBAF}
	EndGlobalSection
EndGlobal
